
Microsoft Visual Studio Solution File, Format Version 12.00
# Visual Studio Version 16
VisualStudioVersion = 16.0.34729.46
MinimumVisualStudioVersion = 15.0.26124.0
Project("{2150E333-8FDC-42A3-9474-1A3956D46DE8}") = "src", "src", "{77319A98-AFD5-4881-B872-A71051F53AD0}"
EndProject
Project("{2150E333-8FDC-42A3-9474-1A3956D46DE8}") = "BuildingBlocks", "BuildingBlocks", "{68A27D9C-EDB4-4993-B2FB-E88DC5A11ACB}"
EndProject
Project("{2150E333-8FDC-42A3-9474-1A3956D46DE8}") = "Identity", "Identity", "{6E40F93A-8749-4451-89AC-6446A1B8F5C1}"
EndProject
Project("{2150E333-8FDC-42A3-9474-1A3956D46DE8}") = "Services", "Services", "{84FF8B4E-8EB3-432F-9138-13A95210BBDC}"
EndProject
Project("{9A19103F-16F7-4668-BE54-9A1E7A4F7556}") = "Identity.Admin", "src\Services\Identity\Identity.Admin\Identity.Admin.csproj", "{8E775FAD-03EC-470B-A798-D1B01005F09A}"
EndProject
Project("{9A19103F-16F7-4668-BE54-9A1E7A4F7556}") = "Identity.Admin.Api", "src\Services\Identity\Identity.Admin.Api\Identity.Admin.Api.csproj", "{00D74B79-E364-416F-9DC8-5AA151290E45}"
EndProject
Project("{9A19103F-16F7-4668-BE54-9A1E7A4F7556}") = "Identity.Admin.BusinessLogic", "src\Services\Identity\Identity.Admin.BusinessLogic\Identity.Admin.BusinessLogic.csproj", "{14CC1B64-349A-4753-8393-8D0C38F468FB}"
EndProject
Project("{9A19103F-16F7-4668-BE54-9A1E7A4F7556}") = "Identity.Admin.BusinessLogic.Identity", "src\Services\Identity\Identity.Admin.BusinessLogic.Identity\Identity.Admin.BusinessLogic.Identity.csproj", "{1233EA53-E063-4D1D-9839-47908A9A3CBE}"
EndProject
Project("{9A19103F-16F7-4668-BE54-9A1E7A4F7556}") = "Identity.Admin.BusinessLogic.Shared", "src\Services\Identity\Identity.Admin.BusinessLogic.Shared\Identity.Admin.BusinessLogic.Shared.csproj", "{F67E2F7B-6608-4A28-B25B-B878201A585F}"
EndProject
Project("{9A19103F-16F7-4668-BE54-9A1E7A4F7556}") = "Identity.Admin.EntityFramework", "src\Services\Identity\Identity.Admin.EntityFramework\Identity.Admin.EntityFramework.csproj", "{44091DEC-ECD0-4862-B775-8E9CF358158B}"
EndProject
Project("{9A19103F-16F7-4668-BE54-9A1E7A4F7556}") = "Identity.Admin.EntityFramework.Configuration", "src\Services\Identity\Identity.Admin.EntityFramework.Configuration\Identity.Admin.EntityFramework.Configuration.csproj", "{F114EE74-F556-44BC-9025-6DF1C4085721}"
EndProject
Project("{9A19103F-16F7-4668-BE54-9A1E7A4F7556}") = "Identity.Admin.EntityFramework.Extensions", "src\Services\Identity\Identity.Admin.EntityFramework.Extensions\Identity.Admin.EntityFramework.Extensions.csproj", "{4832C4E1-311D-4D70-9EFA-B0830D7B3440}"
EndProject
Project("{9A19103F-16F7-4668-BE54-9A1E7A4F7556}") = "Identity.Admin.EntityFramework.Identity", "src\Services\Identity\Identity.Admin.EntityFramework.Identity\Identity.Admin.EntityFramework.Identity.csproj", "{D1A86CAB-4599-4820-BDE6-67925B065D7C}"
EndProject
Project("{9A19103F-16F7-4668-BE54-9A1E7A4F7556}") = "Identity.Admin.EntityFramework.MySql", "src\Services\Identity\Identity.Admin.EntityFramework.MySql\Identity.Admin.EntityFramework.MySql.csproj", "{752F953B-A404-4EA2-9BED-45700FB62B4C}"
EndProject
Project("{9A19103F-16F7-4668-BE54-9A1E7A4F7556}") = "Identity.Admin.EntityFramework.PostgreSQL", "src\Services\Identity\Identity.Admin.EntityFramework.PostgreSQL\Identity.Admin.EntityFramework.PostgreSQL.csproj", "{7205026A-5D0D-4D39-AF37-4AC43A7489A5}"
EndProject
Project("{9A19103F-16F7-4668-BE54-9A1E7A4F7556}") = "Identity.Admin.EntityFramework.Shared", "src\Services\Identity\Identity.Admin.EntityFramework.Shared\Identity.Admin.EntityFramework.Shared.csproj", "{A2570DBD-701D-49A4-A3AA-4F6E89FBD345}"
EndProject
Project("{9A19103F-16F7-4668-BE54-9A1E7A4F7556}") = "Identity.Admin.EntityFramework.SqlServer", "src\Services\Identity\Identity.Admin.EntityFramework.SqlServer\Identity.Admin.EntityFramework.SqlServer.csproj", "{E0F94B5A-EA56-4A08-A917-44D018EC94AC}"
EndProject
Project("{9A19103F-16F7-4668-BE54-9A1E7A4F7556}") = "Identity.Admin.UI", "src\Services\Identity\Identity.Admin.UI\Identity.Admin.UI.csproj", "{BAD794EF-4E2D-4F7B-BB94-7F8C47C14301}"
EndProject
Project("{9A19103F-16F7-4668-BE54-9A1E7A4F7556}") = "Identity.Shared", "src\Services\Identity\Identity.Shared\Identity.Shared.csproj", "{8E43D1EC-79CB-44C9-84F5-68D994005995}"
EndProject
Project("{9A19103F-16F7-4668-BE54-9A1E7A4F7556}") = "Identity.Shared.Configuration", "src\Services\Identity\Identity.Shared.Configuration\Identity.Shared.Configuration.csproj", "{989874FD-B56F-4CE6-9467-91DCEAF8F3B2}"
EndProject
Project("{9A19103F-16F7-4668-BE54-9A1E7A4F7556}") = "Identity.STS.Identity", "src\Services\Identity\Identity.STS.Identity\Identity.STS.Identity.csproj", "{BCBE78A1-17DF-4C58-AB9E-0DF027319690}"
EndProject
Project("{9A19103F-16F7-4668-BE54-9A1E7A4F7556}") = "Examination.Shared", "src\BuildingBlocks\Examination.Shared\Examination.Shared.csproj", "{8C7D06A8-0194-47FB-BCF4-91E0DB6D2CBD}"
EndProject
Project("{2150E333-8FDC-42A3-9474-1A3956D46DE8}") = "Examination", "Examination", "{05A809FE-2D04-4A28-A0B5-CFDC8BF78647}"
EndProject
Project("{9A19103F-16F7-4668-BE54-9A1E7A4F7556}") = "Examination.API", "src\Services\Examination\Examination.API\Examination.API.csproj", "{7732A625-B7B0-473A-9A39-89154C265962}"
EndProject
Project("{9A19103F-16F7-4668-BE54-9A1E7A4F7556}") = "Examination.Application", "src\Services\Examination\Examination.Application\Examination.Application.csproj", "{B99B1E20-8F08-4CF3-B7A2-0F3D56F8CB72}"
EndProject
Project("{9A19103F-16F7-4668-BE54-9A1E7A4F7556}") = "Examination.Domain", "src\Services\Examination\Examination.Domain\Examination.Domain.csproj", "{78E82D86-0092-4D22-B4A3-CE758B2F81C9}"
EndProject
Project("{9A19103F-16F7-4668-BE54-9A1E7A4F7556}") = "Examination.Infrastructure.MongoDb", "src\Services\Examination\Examination.Infrastructure.MongoDb\Examination.Infrastructure.MongoDb.csproj", "{23333069-2260-46F2-9EFB-DF34B23C89CF}"
EndProject
Project("{2150E333-8FDC-42A3-9474-1A3956D46DE8}") = "WebApps", "WebApps", "{F2C1B856-09D2-471D-A261-A174B0CCFF6C}"
EndProject
Project("{9A19103F-16F7-4668-BE54-9A1E7A4F7556}") = "AdminApp", "src\WebApps\AdminApp\AdminApp.csproj", "{EF073246-29F7-412D-BFE4-A3F3E538C3EC}"
EndProject
Project("{9A19103F-16F7-4668-BE54-9A1E7A4F7556}") = "PortalApp", "src\WebApps\PortalApp\PortalApp.csproj", "{27244571-918F-4A38-8A84-EA0FDCC6BDFC}"
EndProject
Global
	GlobalSection(SolutionConfigurationPlatforms) = preSolution
		Debug|Any CPU = Debug|Any CPU
		Debug|x64 = Debug|x64
		Debug|x86 = Debug|x86
		Release|Any CPU = Release|Any CPU
		Release|x64 = Release|x64
		Release|x86 = Release|x86
	EndGlobalSection
	GlobalSection(ProjectConfigurationPlatforms) = postSolution
		{8E775FAD-03EC-470B-A798-D1B01005F09A}.Debug|Any CPU.ActiveCfg = Debug|Any CPU
		{8E775FAD-03EC-470B-A798-D1B01005F09A}.Debug|Any CPU.Build.0 = Debug|Any CPU
		{8E775FAD-03EC-470B-A798-D1B01005F09A}.Debug|x64.ActiveCfg = Debug|Any CPU
		{8E775FAD-03EC-470B-A798-D1B01005F09A}.Debug|x64.Build.0 = Debug|Any CPU
		{8E775FAD-03EC-470B-A798-D1B01005F09A}.Debug|x86.ActiveCfg = Debug|Any CPU
		{8E775FAD-03EC-470B-A798-D1B01005F09A}.Debug|x86.Build.0 = Debug|Any CPU
		{8E775FAD-03EC-470B-A798-D1B01005F09A}.Release|Any CPU.ActiveCfg = Release|Any CPU
		{8E775FAD-03EC-470B-A798-D1B01005F09A}.Release|Any CPU.Build.0 = Release|Any CPU
		{8E775FAD-03EC-470B-A798-D1B01005F09A}.Release|x64.ActiveCfg = Release|Any CPU
		{8E775FAD-03EC-470B-A798-D1B01005F09A}.Release|x64.Build.0 = Release|Any CPU
		{8E775FAD-03EC-470B-A798-D1B01005F09A}.Release|x86.ActiveCfg = Release|Any CPU
		{8E775FAD-03EC-470B-A798-D1B01005F09A}.Release|x86.Build.0 = Release|Any CPU
		{00D74B79-E364-416F-9DC8-5AA151290E45}.Debug|Any CPU.ActiveCfg = Debug|Any CPU
		{00D74B79-E364-416F-9DC8-5AA151290E45}.Debug|Any CPU.Build.0 = Debug|Any CPU
		{00D74B79-E364-416F-9DC8-5AA151290E45}.Debug|x64.ActiveCfg = Debug|Any CPU
		{00D74B79-E364-416F-9DC8-5AA151290E45}.Debug|x64.Build.0 = Debug|Any CPU
		{00D74B79-E364-416F-9DC8-5AA151290E45}.Debug|x86.ActiveCfg = Debug|Any CPU
		{00D74B79-E364-416F-9DC8-5AA151290E45}.Debug|x86.Build.0 = Debug|Any CPU
		{00D74B79-E364-416F-9DC8-5AA151290E45}.Release|Any CPU.ActiveCfg = Release|Any CPU
		{00D74B79-E364-416F-9DC8-5AA151290E45}.Release|Any CPU.Build.0 = Release|Any CPU
		{00D74B79-E364-416F-9DC8-5AA151290E45}.Release|x64.ActiveCfg = Release|Any CPU
		{00D74B79-E364-416F-9DC8-5AA151290E45}.Release|x64.Build.0 = Release|Any CPU
		{00D74B79-E364-416F-9DC8-5AA151290E45}.Release|x86.ActiveCfg = Release|Any CPU
		{00D74B79-E364-416F-9DC8-5AA151290E45}.Release|x86.Build.0 = Release|Any CPU
		{14CC1B64-349A-4753-8393-8D0C38F468FB}.Debug|Any CPU.ActiveCfg = Debug|Any CPU
		{14CC1B64-349A-4753-8393-8D0C38F468FB}.Debug|Any CPU.Build.0 = Debug|Any CPU
		{14CC1B64-349A-4753-8393-8D0C38F468FB}.Debug|x64.ActiveCfg = Debug|Any CPU
		{14CC1B64-349A-4753-8393-8D0C38F468FB}.Debug|x64.Build.0 = Debug|Any CPU
		{14CC1B64-349A-4753-8393-8D0C38F468FB}.Debug|x86.ActiveCfg = Debug|Any CPU
		{14CC1B64-349A-4753-8393-8D0C38F468FB}.Debug|x86.Build.0 = Debug|Any CPU
		{14CC1B64-349A-4753-8393-8D0C38F468FB}.Release|Any CPU.ActiveCfg = Release|Any CPU
		{14CC1B64-349A-4753-8393-8D0C38F468FB}.Release|Any CPU.Build.0 = Release|Any CPU
		{14CC1B64-349A-4753-8393-8D0C38F468FB}.Release|x64.ActiveCfg = Release|Any CPU
		{14CC1B64-349A-4753-8393-8D0C38F468FB}.Release|x64.Build.0 = Release|Any CPU
		{14CC1B64-349A-4753-8393-8D0C38F468FB}.Release|x86.ActiveCfg = Release|Any CPU
		{14CC1B64-349A-4753-8393-8D0C38F468FB}.Release|x86.Build.0 = Release|Any CPU
		{1233EA53-E063-4D1D-9839-47908A9A3CBE}.Debug|Any CPU.ActiveCfg = Debug|Any CPU
		{1233EA53-E063-4D1D-9839-47908A9A3CBE}.Debug|Any CPU.Build.0 = Debug|Any CPU
		{1233EA53-E063-4D1D-9839-47908A9A3CBE}.Debug|x64.ActiveCfg = Debug|Any CPU
		{1233EA53-E063-4D1D-9839-47908A9A3CBE}.Debug|x64.Build.0 = Debug|Any CPU
		{1233EA53-E063-4D1D-9839-47908A9A3CBE}.Debug|x86.ActiveCfg = Debug|Any CPU
		{1233EA53-E063-4D1D-9839-47908A9A3CBE}.Debug|x86.Build.0 = Debug|Any CPU
		{1233EA53-E063-4D1D-9839-47908A9A3CBE}.Release|Any CPU.ActiveCfg = Release|Any CPU
		{1233EA53-E063-4D1D-9839-47908A9A3CBE}.Release|Any CPU.Build.0 = Release|Any CPU
		{1233EA53-E063-4D1D-9839-47908A9A3CBE}.Release|x64.ActiveCfg = Release|Any CPU
		{1233EA53-E063-4D1D-9839-47908A9A3CBE}.Release|x64.Build.0 = Release|Any CPU
		{1233EA53-E063-4D1D-9839-47908A9A3CBE}.Release|x86.ActiveCfg = Release|Any CPU
		{1233EA53-E063-4D1D-9839-47908A9A3CBE}.Release|x86.Build.0 = Release|Any CPU
		{F67E2F7B-6608-4A28-B25B-B878201A585F}.Debug|Any CPU.ActiveCfg = Debug|Any CPU
		{F67E2F7B-6608-4A28-B25B-B878201A585F}.Debug|Any CPU.Build.0 = Debug|Any CPU
		{F67E2F7B-6608-4A28-B25B-B878201A585F}.Debug|x64.ActiveCfg = Debug|Any CPU
		{F67E2F7B-6608-4A28-B25B-B878201A585F}.Debug|x64.Build.0 = Debug|Any CPU
		{F67E2F7B-6608-4A28-B25B-B878201A585F}.Debug|x86.ActiveCfg = Debug|Any CPU
		{F67E2F7B-6608-4A28-B25B-B878201A585F}.Debug|x86.Build.0 = Debug|Any CPU
		{F67E2F7B-6608-4A28-B25B-B878201A585F}.Release|Any CPU.ActiveCfg = Release|Any CPU
		{F67E2F7B-6608-4A28-B25B-B878201A585F}.Release|Any CPU.Build.0 = Release|Any CPU
		{F67E2F7B-6608-4A28-B25B-B878201A585F}.Release|x64.ActiveCfg = Release|Any CPU
		{F67E2F7B-6608-4A28-B25B-B878201A585F}.Release|x64.Build.0 = Release|Any CPU
		{F67E2F7B-6608-4A28-B25B-B878201A585F}.Release|x86.ActiveCfg = Release|Any CPU
		{F67E2F7B-6608-4A28-B25B-B878201A585F}.Release|x86.Build.0 = Release|Any CPU
		{44091DEC-ECD0-4862-B775-8E9CF358158B}.Debug|Any CPU.ActiveCfg = Debug|Any CPU
		{44091DEC-ECD0-4862-B775-8E9CF358158B}.Debug|Any CPU.Build.0 = Debug|Any CPU
		{44091DEC-ECD0-4862-B775-8E9CF358158B}.Debug|x64.ActiveCfg = Debug|Any CPU
		{44091DEC-ECD0-4862-B775-8E9CF358158B}.Debug|x64.Build.0 = Debug|Any CPU
		{44091DEC-ECD0-4862-B775-8E9CF358158B}.Debug|x86.ActiveCfg = Debug|Any CPU
		{44091DEC-ECD0-4862-B775-8E9CF358158B}.Debug|x86.Build.0 = Debug|Any CPU
		{44091DEC-ECD0-4862-B775-8E9CF358158B}.Release|Any CPU.ActiveCfg = Release|Any CPU
		{44091DEC-ECD0-4862-B775-8E9CF358158B}.Release|Any CPU.Build.0 = Release|Any CPU
		{44091DEC-ECD0-4862-B775-8E9CF358158B}.Release|x64.ActiveCfg = Release|Any CPU
		{44091DEC-ECD0-4862-B775-8E9CF358158B}.Release|x64.Build.0 = Release|Any CPU
		{44091DEC-ECD0-4862-B775-8E9CF358158B}.Release|x86.ActiveCfg = Release|Any CPU
		{44091DEC-ECD0-4862-B775-8E9CF358158B}.Release|x86.Build.0 = Release|Any CPU
		{F114EE74-F556-44BC-9025-6DF1C4085721}.Debug|Any CPU.ActiveCfg = Debug|Any CPU
		{F114EE74-F556-44BC-9025-6DF1C4085721}.Debug|Any CPU.Build.0 = Debug|Any CPU
		{F114EE74-F556-44BC-9025-6DF1C4085721}.Debug|x64.ActiveCfg = Debug|Any CPU
		{F114EE74-F556-44BC-9025-6DF1C4085721}.Debug|x64.Build.0 = Debug|Any CPU
		{F114EE74-F556-44BC-9025-6DF1C4085721}.Debug|x86.ActiveCfg = Debug|Any CPU
		{F114EE74-F556-44BC-9025-6DF1C4085721}.Debug|x86.Build.0 = Debug|Any CPU
		{F114EE74-F556-44BC-9025-6DF1C4085721}.Release|Any CPU.ActiveCfg = Release|Any CPU
		{F114EE74-F556-44BC-9025-6DF1C4085721}.Release|Any CPU.Build.0 = Release|Any CPU
		{F114EE74-F556-44BC-9025-6DF1C4085721}.Release|x64.ActiveCfg = Release|Any CPU
		{F114EE74-F556-44BC-9025-6DF1C4085721}.Release|x64.Build.0 = Release|Any CPU
		{F114EE74-F556-44BC-9025-6DF1C4085721}.Release|x86.ActiveCfg = Release|Any CPU
		{F114EE74-F556-44BC-9025-6DF1C4085721}.Release|x86.Build.0 = Release|Any CPU
		{4832C4E1-311D-4D70-9EFA-B0830D7B3440}.Debug|Any CPU.ActiveCfg = Debug|Any CPU
		{4832C4E1-311D-4D70-9EFA-B0830D7B3440}.Debug|Any CPU.Build.0 = Debug|Any CPU
		{4832C4E1-311D-4D70-9EFA-B0830D7B3440}.Debug|x64.ActiveCfg = Debug|Any CPU
		{4832C4E1-311D-4D70-9EFA-B0830D7B3440}.Debug|x64.Build.0 = Debug|Any CPU
		{4832C4E1-311D-4D70-9EFA-B0830D7B3440}.Debug|x86.ActiveCfg = Debug|Any CPU
		{4832C4E1-311D-4D70-9EFA-B0830D7B3440}.Debug|x86.Build.0 = Debug|Any CPU
		{4832C4E1-311D-4D70-9EFA-B0830D7B3440}.Release|Any CPU.ActiveCfg = Release|Any CPU
		{4832C4E1-311D-4D70-9EFA-B0830D7B3440}.Release|Any CPU.Build.0 = Release|Any CPU
		{4832C4E1-311D-4D70-9EFA-B0830D7B3440}.Release|x64.ActiveCfg = Release|Any CPU
		{4832C4E1-311D-4D70-9EFA-B0830D7B3440}.Release|x64.Build.0 = Release|Any CPU
		{4832C4E1-311D-4D70-9EFA-B0830D7B3440}.Release|x86.ActiveCfg = Release|Any CPU
		{4832C4E1-311D-4D70-9EFA-B0830D7B3440}.Release|x86.Build.0 = Release|Any CPU
		{D1A86CAB-4599-4820-BDE6-67925B065D7C}.Debug|Any CPU.ActiveCfg = Debug|Any CPU
		{D1A86CAB-4599-4820-BDE6-67925B065D7C}.Debug|Any CPU.Build.0 = Debug|Any CPU
		{D1A86CAB-4599-4820-BDE6-67925B065D7C}.Debug|x64.ActiveCfg = Debug|Any CPU
		{D1A86CAB-4599-4820-BDE6-67925B065D7C}.Debug|x64.Build.0 = Debug|Any CPU
		{D1A86CAB-4599-4820-BDE6-67925B065D7C}.Debug|x86.ActiveCfg = Debug|Any CPU
		{D1A86CAB-4599-4820-BDE6-67925B065D7C}.Debug|x86.Build.0 = Debug|Any CPU
		{D1A86CAB-4599-4820-BDE6-67925B065D7C}.Release|Any CPU.ActiveCfg = Release|Any CPU
		{D1A86CAB-4599-4820-BDE6-67925B065D7C}.Release|Any CPU.Build.0 = Release|Any CPU
		{D1A86CAB-4599-4820-BDE6-67925B065D7C}.Release|x64.ActiveCfg = Release|Any CPU
		{D1A86CAB-4599-4820-BDE6-67925B065D7C}.Release|x64.Build.0 = Release|Any CPU
		{D1A86CAB-4599-4820-BDE6-67925B065D7C}.Release|x86.ActiveCfg = Release|Any CPU
		{D1A86CAB-4599-4820-BDE6-67925B065D7C}.Release|x86.Build.0 = Release|Any CPU
		{752F953B-A404-4EA2-9BED-45700FB62B4C}.Debug|Any CPU.ActiveCfg = Debug|Any CPU
		{752F953B-A404-4EA2-9BED-45700FB62B4C}.Debug|Any CPU.Build.0 = Debug|Any CPU
		{752F953B-A404-4EA2-9BED-45700FB62B4C}.Debug|x64.ActiveCfg = Debug|Any CPU
		{752F953B-A404-4EA2-9BED-45700FB62B4C}.Debug|x64.Build.0 = Debug|Any CPU
		{752F953B-A404-4EA2-9BED-45700FB62B4C}.Debug|x86.ActiveCfg = Debug|Any CPU
		{752F953B-A404-4EA2-9BED-45700FB62B4C}.Debug|x86.Build.0 = Debug|Any CPU
		{752F953B-A404-4EA2-9BED-45700FB62B4C}.Release|Any CPU.ActiveCfg = Release|Any CPU
		{752F953B-A404-4EA2-9BED-45700FB62B4C}.Release|Any CPU.Build.0 = Release|Any CPU
		{752F953B-A404-4EA2-9BED-45700FB62B4C}.Release|x64.ActiveCfg = Release|Any CPU
		{752F953B-A404-4EA2-9BED-45700FB62B4C}.Release|x64.Build.0 = Release|Any CPU
		{752F953B-A404-4EA2-9BED-45700FB62B4C}.Release|x86.ActiveCfg = Release|Any CPU
		{752F953B-A404-4EA2-9BED-45700FB62B4C}.Release|x86.Build.0 = Release|Any CPU
		{7205026A-5D0D-4D39-AF37-4AC43A7489A5}.Debug|Any CPU.ActiveCfg = Debug|Any CPU
		{7205026A-5D0D-4D39-AF37-4AC43A7489A5}.Debug|Any CPU.Build.0 = Debug|Any CPU
		{7205026A-5D0D-4D39-AF37-4AC43A7489A5}.Debug|x64.ActiveCfg = Debug|Any CPU
		{7205026A-5D0D-4D39-AF37-4AC43A7489A5}.Debug|x64.Build.0 = Debug|Any CPU
		{7205026A-5D0D-4D39-AF37-4AC43A7489A5}.Debug|x86.ActiveCfg = Debug|Any CPU
		{7205026A-5D0D-4D39-AF37-4AC43A7489A5}.Debug|x86.Build.0 = Debug|Any CPU
		{7205026A-5D0D-4D39-AF37-4AC43A7489A5}.Release|Any CPU.ActiveCfg = Release|Any CPU
		{7205026A-5D0D-4D39-AF37-4AC43A7489A5}.Release|Any CPU.Build.0 = Release|Any CPU
		{7205026A-5D0D-4D39-AF37-4AC43A7489A5}.Release|x64.ActiveCfg = Release|Any CPU
		{7205026A-5D0D-4D39-AF37-4AC43A7489A5}.Release|x64.Build.0 = Release|Any CPU
		{7205026A-5D0D-4D39-AF37-4AC43A7489A5}.Release|x86.ActiveCfg = Release|Any CPU
		{7205026A-5D0D-4D39-AF37-4AC43A7489A5}.Release|x86.Build.0 = Release|Any CPU
		{A2570DBD-701D-49A4-A3AA-4F6E89FBD345}.Debug|Any CPU.ActiveCfg = Debug|Any CPU
		{A2570DBD-701D-49A4-A3AA-4F6E89FBD345}.Debug|Any CPU.Build.0 = Debug|Any CPU
		{A2570DBD-701D-49A4-A3AA-4F6E89FBD345}.Debug|x64.ActiveCfg = Debug|Any CPU
		{A2570DBD-701D-49A4-A3AA-4F6E89FBD345}.Debug|x64.Build.0 = Debug|Any CPU
		{A2570DBD-701D-49A4-A3AA-4F6E89FBD345}.Debug|x86.ActiveCfg = Debug|Any CPU
		{A2570DBD-701D-49A4-A3AA-4F6E89FBD345}.Debug|x86.Build.0 = Debug|Any CPU
		{A2570DBD-701D-49A4-A3AA-4F6E89FBD345}.Release|Any CPU.ActiveCfg = Release|Any CPU
		{A2570DBD-701D-49A4-A3AA-4F6E89FBD345}.Release|Any CPU.Build.0 = Release|Any CPU
		{A2570DBD-701D-49A4-A3AA-4F6E89FBD345}.Release|x64.ActiveCfg = Release|Any CPU
		{A2570DBD-701D-49A4-A3AA-4F6E89FBD345}.Release|x64.Build.0 = Release|Any CPU
		{A2570DBD-701D-49A4-A3AA-4F6E89FBD345}.Release|x86.ActiveCfg = Release|Any CPU
		{A2570DBD-701D-49A4-A3AA-4F6E89FBD345}.Release|x86.Build.0 = Release|Any CPU
		{E0F94B5A-EA56-4A08-A917-44D018EC94AC}.Debug|Any CPU.ActiveCfg = Debug|Any CPU
		{E0F94B5A-EA56-4A08-A917-44D018EC94AC}.Debug|Any CPU.Build.0 = Debug|Any CPU
		{E0F94B5A-EA56-4A08-A917-44D018EC94AC}.Debug|x64.ActiveCfg = Debug|Any CPU
		{E0F94B5A-EA56-4A08-A917-44D018EC94AC}.Debug|x64.Build.0 = Debug|Any CPU
		{E0F94B5A-EA56-4A08-A917-44D018EC94AC}.Debug|x86.ActiveCfg = Debug|Any CPU
		{E0F94B5A-EA56-4A08-A917-44D018EC94AC}.Debug|x86.Build.0 = Debug|Any CPU
		{E0F94B5A-EA56-4A08-A917-44D018EC94AC}.Release|Any CPU.ActiveCfg = Release|Any CPU
		{E0F94B5A-EA56-4A08-A917-44D018EC94AC}.Release|Any CPU.Build.0 = Release|Any CPU
		{E0F94B5A-EA56-4A08-A917-44D018EC94AC}.Release|x64.ActiveCfg = Release|Any CPU
		{E0F94B5A-EA56-4A08-A917-44D018EC94AC}.Release|x64.Build.0 = Release|Any CPU
		{E0F94B5A-EA56-4A08-A917-44D018EC94AC}.Release|x86.ActiveCfg = Release|Any CPU
		{E0F94B5A-EA56-4A08-A917-44D018EC94AC}.Release|x86.Build.0 = Release|Any CPU
		{BAD794EF-4E2D-4F7B-BB94-7F8C47C14301}.Debug|Any CPU.ActiveCfg = Debug|Any CPU
		{BAD794EF-4E2D-4F7B-BB94-7F8C47C14301}.Debug|Any CPU.Build.0 = Debug|Any CPU
		{BAD794EF-4E2D-4F7B-BB94-7F8C47C14301}.Debug|x64.ActiveCfg = Debug|Any CPU
		{BAD794EF-4E2D-4F7B-BB94-7F8C47C14301}.Debug|x64.Build.0 = Debug|Any CPU
		{BAD794EF-4E2D-4F7B-BB94-7F8C47C14301}.Debug|x86.ActiveCfg = Debug|Any CPU
		{BAD794EF-4E2D-4F7B-BB94-7F8C47C14301}.Debug|x86.Build.0 = Debug|Any CPU
		{BAD794EF-4E2D-4F7B-BB94-7F8C47C14301}.Release|Any CPU.ActiveCfg = Release|Any CPU
		{BAD794EF-4E2D-4F7B-BB94-7F8C47C14301}.Release|Any CPU.Build.0 = Release|Any CPU
		{BAD794EF-4E2D-4F7B-BB94-7F8C47C14301}.Release|x64.ActiveCfg = Release|Any CPU
		{BAD794EF-4E2D-4F7B-BB94-7F8C47C14301}.Release|x64.Build.0 = Release|Any CPU
		{BAD794EF-4E2D-4F7B-BB94-7F8C47C14301}.Release|x86.ActiveCfg = Release|Any CPU
		{BAD794EF-4E2D-4F7B-BB94-7F8C47C14301}.Release|x86.Build.0 = Release|Any CPU
		{8E43D1EC-79CB-44C9-84F5-68D994005995}.Debug|Any CPU.ActiveCfg = Debug|Any CPU
		{8E43D1EC-79CB-44C9-84F5-68D994005995}.Debug|Any CPU.Build.0 = Debug|Any CPU
		{8E43D1EC-79CB-44C9-84F5-68D994005995}.Debug|x64.ActiveCfg = Debug|Any CPU
		{8E43D1EC-79CB-44C9-84F5-68D994005995}.Debug|x64.Build.0 = Debug|Any CPU
		{8E43D1EC-79CB-44C9-84F5-68D994005995}.Debug|x86.ActiveCfg = Debug|Any CPU
		{8E43D1EC-79CB-44C9-84F5-68D994005995}.Debug|x86.Build.0 = Debug|Any CPU
		{8E43D1EC-79CB-44C9-84F5-68D994005995}.Release|Any CPU.ActiveCfg = Release|Any CPU
		{8E43D1EC-79CB-44C9-84F5-68D994005995}.Release|Any CPU.Build.0 = Release|Any CPU
		{8E43D1EC-79CB-44C9-84F5-68D994005995}.Release|x64.ActiveCfg = Release|Any CPU
		{8E43D1EC-79CB-44C9-84F5-68D994005995}.Release|x64.Build.0 = Release|Any CPU
		{8E43D1EC-79CB-44C9-84F5-68D994005995}.Release|x86.ActiveCfg = Release|Any CPU
		{8E43D1EC-79CB-44C9-84F5-68D994005995}.Release|x86.Build.0 = Release|Any CPU
		{989874FD-B56F-4CE6-9467-91DCEAF8F3B2}.Debug|Any CPU.ActiveCfg = Debug|Any CPU
		{989874FD-B56F-4CE6-9467-91DCEAF8F3B2}.Debug|Any CPU.Build.0 = Debug|Any CPU
		{989874FD-B56F-4CE6-9467-91DCEAF8F3B2}.Debug|x64.ActiveCfg = Debug|Any CPU
		{989874FD-B56F-4CE6-9467-91DCEAF8F3B2}.Debug|x64.Build.0 = Debug|Any CPU
		{989874FD-B56F-4CE6-9467-91DCEAF8F3B2}.Debug|x86.ActiveCfg = Debug|Any CPU
		{989874FD-B56F-4CE6-9467-91DCEAF8F3B2}.Debug|x86.Build.0 = Debug|Any CPU
		{989874FD-B56F-4CE6-9467-91DCEAF8F3B2}.Release|Any CPU.ActiveCfg = Release|Any CPU
		{989874FD-B56F-4CE6-9467-91DCEAF8F3B2}.Release|Any CPU.Build.0 = Release|Any CPU
		{989874FD-B56F-4CE6-9467-91DCEAF8F3B2}.Release|x64.ActiveCfg = Release|Any CPU
		{989874FD-B56F-4CE6-9467-91DCEAF8F3B2}.Release|x64.Build.0 = Release|Any CPU
		{989874FD-B56F-4CE6-9467-91DCEAF8F3B2}.Release|x86.ActiveCfg = Release|Any CPU
		{989874FD-B56F-4CE6-9467-91DCEAF8F3B2}.Release|x86.Build.0 = Release|Any CPU
		{BCBE78A1-17DF-4C58-AB9E-0DF027319690}.Debug|Any CPU.ActiveCfg = Debug|Any CPU
		{BCBE78A1-17DF-4C58-AB9E-0DF027319690}.Debug|Any CPU.Build.0 = Debug|Any CPU
		{BCBE78A1-17DF-4C58-AB9E-0DF027319690}.Debug|x64.ActiveCfg = Debug|Any CPU
		{BCBE78A1-17DF-4C58-AB9E-0DF027319690}.Debug|x64.Build.0 = Debug|Any CPU
		{BCBE78A1-17DF-4C58-AB9E-0DF027319690}.Debug|x86.ActiveCfg = Debug|Any CPU
		{BCBE78A1-17DF-4C58-AB9E-0DF027319690}.Debug|x86.Build.0 = Debug|Any CPU
		{BCBE78A1-17DF-4C58-AB9E-0DF027319690}.Release|Any CPU.ActiveCfg = Release|Any CPU
		{BCBE78A1-17DF-4C58-AB9E-0DF027319690}.Release|Any CPU.Build.0 = Release|Any CPU
		{BCBE78A1-17DF-4C58-AB9E-0DF027319690}.Release|x64.ActiveCfg = Release|Any CPU
		{BCBE78A1-17DF-4C58-AB9E-0DF027319690}.Release|x64.Build.0 = Release|Any CPU
		{BCBE78A1-17DF-4C58-AB9E-0DF027319690}.Release|x86.ActiveCfg = Release|Any CPU
		{BCBE78A1-17DF-4C58-AB9E-0DF027319690}.Release|x86.Build.0 = Release|Any CPU
		{8C7D06A8-0194-47FB-BCF4-91E0DB6D2CBD}.Debug|Any CPU.ActiveCfg = Debug|Any CPU
		{8C7D06A8-0194-47FB-BCF4-91E0DB6D2CBD}.Debug|Any CPU.Build.0 = Debug|Any CPU
		{8C7D06A8-0194-47FB-BCF4-91E0DB6D2CBD}.Debug|x64.ActiveCfg = Debug|Any CPU
		{8C7D06A8-0194-47FB-BCF4-91E0DB6D2CBD}.Debug|x64.Build.0 = Debug|Any CPU
		{8C7D06A8-0194-47FB-BCF4-91E0DB6D2CBD}.Debug|x86.ActiveCfg = Debug|Any CPU
		{8C7D06A8-0194-47FB-BCF4-91E0DB6D2CBD}.Debug|x86.Build.0 = Debug|Any CPU
		{8C7D06A8-0194-47FB-BCF4-91E0DB6D2CBD}.Release|Any CPU.ActiveCfg = Release|Any CPU
		{8C7D06A8-0194-47FB-BCF4-91E0DB6D2CBD}.Release|Any CPU.Build.0 = Release|Any CPU
		{8C7D06A8-0194-47FB-BCF4-91E0DB6D2CBD}.Release|x64.ActiveCfg = Release|Any CPU
		{8C7D06A8-0194-47FB-BCF4-91E0DB6D2CBD}.Release|x64.Build.0 = Release|Any CPU
		{8C7D06A8-0194-47FB-BCF4-91E0DB6D2CBD}.Release|x86.ActiveCfg = Release|Any CPU
		{8C7D06A8-0194-47FB-BCF4-91E0DB6D2CBD}.Release|x86.Build.0 = Release|Any CPU
		{7732A625-B7B0-473A-9A39-89154C265962}.Debug|Any CPU.ActiveCfg = Debug|Any CPU
		{7732A625-B7B0-473A-9A39-89154C265962}.Debug|Any CPU.Build.0 = Debug|Any CPU
		{7732A625-B7B0-473A-9A39-89154C265962}.Debug|x64.ActiveCfg = Debug|Any CPU
		{7732A625-B7B0-473A-9A39-89154C265962}.Debug|x64.Build.0 = Debug|Any CPU
		{7732A625-B7B0-473A-9A39-89154C265962}.Debug|x86.ActiveCfg = Debug|Any CPU
		{7732A625-B7B0-473A-9A39-89154C265962}.Debug|x86.Build.0 = Debug|Any CPU
		{7732A625-B7B0-473A-9A39-89154C265962}.Release|Any CPU.ActiveCfg = Release|Any CPU
		{7732A625-B7B0-473A-9A39-89154C265962}.Release|Any CPU.Build.0 = Release|Any CPU
		{7732A625-B7B0-473A-9A39-89154C265962}.Release|x64.ActiveCfg = Release|Any CPU
		{7732A625-B7B0-473A-9A39-89154C265962}.Release|x64.Build.0 = Release|Any CPU
		{7732A625-B7B0-473A-9A39-89154C265962}.Release|x86.ActiveCfg = Release|Any CPU
		{7732A625-B7B0-473A-9A39-89154C265962}.Release|x86.Build.0 = Release|Any CPU
		{B99B1E20-8F08-4CF3-B7A2-0F3D56F8CB72}.Debug|Any CPU.ActiveCfg = Debug|Any CPU
		{B99B1E20-8F08-4CF3-B7A2-0F3D56F8CB72}.Debug|Any CPU.Build.0 = Debug|Any CPU
		{B99B1E20-8F08-4CF3-B7A2-0F3D56F8CB72}.Debug|x64.ActiveCfg = Debug|Any CPU
		{B99B1E20-8F08-4CF3-B7A2-0F3D56F8CB72}.Debug|x64.Build.0 = Debug|Any CPU
		{B99B1E20-8F08-4CF3-B7A2-0F3D56F8CB72}.Debug|x86.ActiveCfg = Debug|Any CPU
		{B99B1E20-8F08-4CF3-B7A2-0F3D56F8CB72}.Debug|x86.Build.0 = Debug|Any CPU
		{B99B1E20-8F08-4CF3-B7A2-0F3D56F8CB72}.Release|Any CPU.ActiveCfg = Release|Any CPU
		{B99B1E20-8F08-4CF3-B7A2-0F3D56F8CB72}.Release|Any CPU.Build.0 = Release|Any CPU
		{B99B1E20-8F08-4CF3-B7A2-0F3D56F8CB72}.Release|x64.ActiveCfg = Release|Any CPU
		{B99B1E20-8F08-4CF3-B7A2-0F3D56F8CB72}.Release|x64.Build.0 = Release|Any CPU
		{B99B1E20-8F08-4CF3-B7A2-0F3D56F8CB72}.Release|x86.ActiveCfg = Release|Any CPU
		{B99B1E20-8F08-4CF3-B7A2-0F3D56F8CB72}.Release|x86.Build.0 = Release|Any CPU
		{78E82D86-0092-4D22-B4A3-CE758B2F81C9}.Debug|Any CPU.ActiveCfg = Debug|Any CPU
		{78E82D86-0092-4D22-B4A3-CE758B2F81C9}.Debug|Any CPU.Build.0 = Debug|Any CPU
		{78E82D86-0092-4D22-B4A3-CE758B2F81C9}.Debug|x64.ActiveCfg = Debug|Any CPU
		{78E82D86-0092-4D22-B4A3-CE758B2F81C9}.Debug|x64.Build.0 = Debug|Any CPU
		{78E82D86-0092-4D22-B4A3-CE758B2F81C9}.Debug|x86.ActiveCfg = Debug|Any CPU
		{78E82D86-0092-4D22-B4A3-CE758B2F81C9}.Debug|x86.Build.0 = Debug|Any CPU
		{78E82D86-0092-4D22-B4A3-CE758B2F81C9}.Release|Any CPU.ActiveCfg = Release|Any CPU
		{78E82D86-0092-4D22-B4A3-CE758B2F81C9}.Release|Any CPU.Build.0 = Release|Any CPU
		{78E82D86-0092-4D22-B4A3-CE758B2F81C9}.Release|x64.ActiveCfg = Release|Any CPU
		{78E82D86-0092-4D22-B4A3-CE758B2F81C9}.Release|x64.Build.0 = Release|Any CPU
		{78E82D86-0092-4D22-B4A3-CE758B2F81C9}.Release|x86.ActiveCfg = Release|Any CPU
		{78E82D86-0092-4D22-B4A3-CE758B2F81C9}.Release|x86.Build.0 = Release|Any CPU
		{23333069-2260-46F2-9EFB-DF34B23C89CF}.Debug|Any CPU.ActiveCfg = Debug|Any CPU
		{23333069-2260-46F2-9EFB-DF34B23C89CF}.Debug|Any CPU.Build.0 = Debug|Any CPU
		{23333069-2260-46F2-9EFB-DF34B23C89CF}.Debug|x64.ActiveCfg = Debug|Any CPU
		{23333069-2260-46F2-9EFB-DF34B23C89CF}.Debug|x64.Build.0 = Debug|Any CPU
		{23333069-2260-46F2-9EFB-DF34B23C89CF}.Debug|x86.ActiveCfg = Debug|Any CPU
		{23333069-2260-46F2-9EFB-DF34B23C89CF}.Debug|x86.Build.0 = Debug|Any CPU
		{23333069-2260-46F2-9EFB-DF34B23C89CF}.Release|Any CPU.ActiveCfg = Release|Any CPU
		{23333069-2260-46F2-9EFB-DF34B23C89CF}.Release|Any CPU.Build.0 = Release|Any CPU
		{23333069-2260-46F2-9EFB-DF34B23C89CF}.Release|x64.ActiveCfg = Release|Any CPU
		{23333069-2260-46F2-9EFB-DF34B23C89CF}.Release|x64.Build.0 = Release|Any CPU
		{23333069-2260-46F2-9EFB-DF34B23C89CF}.Release|x86.ActiveCfg = Release|Any CPU
		{23333069-2260-46F2-9EFB-DF34B23C89CF}.Release|x86.Build.0 = Release|Any CPU
		{EF073246-29F7-412D-BFE4-A3F3E538C3EC}.Debug|Any CPU.ActiveCfg = Debug|Any CPU
		{EF073246-29F7-412D-BFE4-A3F3E538C3EC}.Debug|Any CPU.Build.0 = Debug|Any CPU
		{EF073246-29F7-412D-BFE4-A3F3E538C3EC}.Debug|x64.ActiveCfg = Debug|Any CPU
		{EF073246-29F7-412D-BFE4-A3F3E538C3EC}.Debug|x64.Build.0 = Debug|Any CPU
		{EF073246-29F7-412D-BFE4-A3F3E538C3EC}.Debug|x86.ActiveCfg = Debug|Any CPU
		{EF073246-29F7-412D-BFE4-A3F3E538C3EC}.Debug|x86.Build.0 = Debug|Any CPU
		{EF073246-29F7-412D-BFE4-A3F3E538C3EC}.Release|Any CPU.ActiveCfg = Release|Any CPU
		{EF073246-29F7-412D-BFE4-A3F3E538C3EC}.Release|Any CPU.Build.0 = Release|Any CPU
		{EF073246-29F7-412D-BFE4-A3F3E538C3EC}.Release|x64.ActiveCfg = Release|Any CPU
		{EF073246-29F7-412D-BFE4-A3F3E538C3EC}.Release|x64.Build.0 = Release|Any CPU
		{EF073246-29F7-412D-BFE4-A3F3E538C3EC}.Release|x86.ActiveCfg = Release|Any CPU
		{EF073246-29F7-412D-BFE4-A3F3E538C3EC}.Release|x86.Build.0 = Release|Any CPU
		{27244571-918F-4A38-8A84-EA0FDCC6BDFC}.Debug|Any CPU.ActiveCfg = Debug|Any CPU
		{27244571-918F-4A38-8A84-EA0FDCC6BDFC}.Debug|Any CPU.Build.0 = Debug|Any CPU
		{27244571-918F-4A38-8A84-EA0FDCC6BDFC}.Debug|x64.ActiveCfg = Debug|Any CPU
		{27244571-918F-4A38-8A84-EA0FDCC6BDFC}.Debug|x64.Build.0 = Debug|Any CPU
		{27244571-918F-4A38-8A84-EA0FDCC6BDFC}.Debug|x86.ActiveCfg = Debug|Any CPU
		{27244571-918F-4A38-8A84-EA0FDCC6BDFC}.Debug|x86.Build.0 = Debug|Any CPU
		{27244571-918F-4A38-8A84-EA0FDCC6BDFC}.Release|Any CPU.ActiveCfg = Release|Any CPU
		{27244571-918F-4A38-8A84-EA0FDCC6BDFC}.Release|Any CPU.Build.0 = Release|Any CPU
		{27244571-918F-4A38-8A84-EA0FDCC6BDFC}.Release|x64.ActiveCfg = Release|Any CPU
		{27244571-918F-4A38-8A84-EA0FDCC6BDFC}.Release|x64.Build.0 = Release|Any CPU
		{27244571-918F-4A38-8A84-EA0FDCC6BDFC}.Release|x86.ActiveCfg = Release|Any CPU
		{27244571-918F-4A38-8A84-EA0FDCC6BDFC}.Release|x86.Build.0 = Release|Any CPU
	EndGlobalSection
	GlobalSection(SolutionProperties) = preSolution
		HideSolutionNode = FALSE
	EndGlobalSection
	GlobalSection(NestedProjects) = preSolution
		{68A27D9C-EDB4-4993-B2FB-E88DC5A11ACB} = {77319A98-AFD5-4881-B872-A71051F53AD0}
		{6E40F93A-8749-4451-89AC-6446A1B8F5C1} = {84FF8B4E-8EB3-432F-9138-13A95210BBDC}
		{84FF8B4E-8EB3-432F-9138-13A95210BBDC} = {77319A98-AFD5-4881-B872-A71051F53AD0}
		{8E775FAD-03EC-470B-A798-D1B01005F09A} = {6E40F93A-8749-4451-89AC-6446A1B8F5C1}
		{00D74B79-E364-416F-9DC8-5AA151290E45} = {6E40F93A-8749-4451-89AC-6446A1B8F5C1}
		{14CC1B64-349A-4753-8393-8D0C38F468FB} = {6E40F93A-8749-4451-89AC-6446A1B8F5C1}
		{1233EA53-E063-4D1D-9839-47908A9A3CBE} = {6E40F93A-8749-4451-89AC-6446A1B8F5C1}
		{F67E2F7B-6608-4A28-B25B-B878201A585F} = {6E40F93A-8749-4451-89AC-6446A1B8F5C1}
		{44091DEC-ECD0-4862-B775-8E9CF358158B} = {6E40F93A-8749-4451-89AC-6446A1B8F5C1}
		{F114EE74-F556-44BC-9025-6DF1C4085721} = {6E40F93A-8749-4451-89AC-6446A1B8F5C1}
		{4832C4E1-311D-4D70-9EFA-B0830D7B3440} = {6E40F93A-8749-4451-89AC-6446A1B8F5C1}
		{D1A86CAB-4599-4820-BDE6-67925B065D7C} = {6E40F93A-8749-4451-89AC-6446A1B8F5C1}
		{752F953B-A404-4EA2-9BED-45700FB62B4C} = {6E40F93A-8749-4451-89AC-6446A1B8F5C1}
		{7205026A-5D0D-4D39-AF37-4AC43A7489A5} = {6E40F93A-8749-4451-89AC-6446A1B8F5C1}
		{A2570DBD-701D-49A4-A3AA-4F6E89FBD345} = {6E40F93A-8749-4451-89AC-6446A1B8F5C1}
		{E0F94B5A-EA56-4A08-A917-44D018EC94AC} = {6E40F93A-8749-4451-89AC-6446A1B8F5C1}
		{BAD794EF-4E2D-4F7B-BB94-7F8C47C14301} = {6E40F93A-8749-4451-89AC-6446A1B8F5C1}
		{8E43D1EC-79CB-44C9-84F5-68D994005995} = {6E40F93A-8749-4451-89AC-6446A1B8F5C1}
		{989874FD-B56F-4CE6-9467-91DCEAF8F3B2} = {6E40F93A-8749-4451-89AC-6446A1B8F5C1}
		{BCBE78A1-17DF-4C58-AB9E-0DF027319690} = {6E40F93A-8749-4451-89AC-6446A1B8F5C1}
		{8C7D06A8-0194-47FB-BCF4-91E0DB6D2CBD} = {68A27D9C-EDB4-4993-B2FB-E88DC5A11ACB}
		{05A809FE-2D04-4A28-A0B5-CFDC8BF78647} = {84FF8B4E-8EB3-432F-9138-13A95210BBDC}
		{7732A625-B7B0-473A-9A39-89154C265962} = {05A809FE-2D04-4A28-A0B5-CFDC8BF78647}
		{B99B1E20-8F08-4CF3-B7A2-0F3D56F8CB72} = {05A809FE-2D04-4A28-A0B5-CFDC8BF78647}
		{78E82D86-0092-4D22-B4A3-CE758B2F81C9} = {05A809FE-2D04-4A28-A0B5-CFDC8BF78647}
		{23333069-2260-46F2-9EFB-DF34B23C89CF} = {05A809FE-2D04-4A28-A0B5-CFDC8BF78647}
		{F2C1B856-09D2-471D-A261-A174B0CCFF6C} = {77319A98-AFD5-4881-B872-A71051F53AD0}
		{EF073246-29F7-412D-BFE4-A3F3E538C3EC} = {F2C1B856-09D2-471D-A261-A174B0CCFF6C}
		{27244571-918F-4A38-8A84-EA0FDCC6BDFC} = {F2C1B856-09D2-471D-A261-A174B0CCFF6C}
	EndGlobalSection
	GlobalSection(ExtensibilityGlobals) = postSolution
		SolutionGuid = {CAC799B6-D517-4717-B1F4-10FA4DA946B8}
	EndGlobalSection
EndGlobal
